// !$*UTF8*$!
{
	archiveVersion = 1;
	classes = {
	};
	objectVersion = 50;
	objects = {

/* Begin PBXBuildFile section */
		59BD069A22EB5E5500CB536E /* AppDelegate.swift in Sources */ = {isa = PBXBuildFile; fileRef = 59BD069922EB5E5500CB536E /* AppDelegate.swift */; };
		59BD069C22EB5E5500CB536E /* ViewController.swift in Sources */ = {isa = PBXBuildFile; fileRef = 59BD069B22EB5E5500CB536E /* ViewController.swift */; };
		59BD069F22EB5E5500CB536E /* Main.storyboard in Resources */ = {isa = PBXBuildFile; fileRef = 59BD069D22EB5E5500CB536E /* Main.storyboard */; };
		59BD06A122EB5E5800CB536E /* Assets.xcassets in Resources */ = {isa = PBXBuildFile; fileRef = 59BD06A022EB5E5800CB536E /* Assets.xcassets */; };
		59BD06A422EB5E5800CB536E /* LaunchScreen.storyboard in Resources */ = {isa = PBXBuildFile; fileRef = 59BD06A222EB5E5800CB536E /* LaunchScreen.storyboard */; };
		59BD06AF22EB5E5900CB536E /* SignInAndRegistrationTests.swift in Sources */ = {isa = PBXBuildFile; fileRef = 59BD06AE22EB5E5900CB536E /* SignInAndRegistrationTests.swift */; };
		59BD06BA22EB5E5900CB536E /* SignInAndRegistrationUITests.swift in Sources */ = {isa = PBXBuildFile; fileRef = 59BD06B922EB5E5900CB536E /* SignInAndRegistrationUITests.swift */; };
/* End PBXBuildFile section */

/* Begin PBXContainerItemProxy section */
		59BD06AB22EB5E5900CB536E /* PBXContainerItemProxy */ = {
			isa = PBXContainerItemProxy;
			containerPortal = 59BD068E22EB5E5500CB536E /* Project object */;
			proxyType = 1;
			remoteGlobalIDString = 59BD069522EB5E5500CB536E;
			remoteInfo = SignInAndRegistration;
		};
		59BD06B622EB5E5900CB536E /* PBXContainerItemProxy */ = {
			isa = PBXContainerItemProxy;
			containerPortal = 59BD068E22EB5E5500CB536E /* Project object */;
			proxyType = 1;
			remoteGlobalIDString = 59BD069522EB5E5500CB536E;
			remoteInfo = SignInAndRegistration;
		};
/* End PBXContainerItemProxy section */

/* Begin PBXFileReference section */
		59BD069622EB5E5500CB536E /* SignInAndRegistration.app */ = {isa = PBXFileReference; explicitFileType = wrapper.application; includeInIndex = 0; path = SignInAndRegistration.app; sourceTree = BUILT_PRODUCTS_DIR; };
		59BD069922EB5E5500CB536E /* AppDelegate.swift */ = {isa = PBXFileReference; lastKnownFileType = sourcecode.swift; path = AppDelegate.swift; sourceTree = "<group>"; };
		59BD069B22EB5E5500CB536E /* ViewController.swift */ = {isa = PBXFileReference; lastKnownFileType = sourcecode.swift; path = ViewController.swift; sourceTree = "<group>"; };
		59BD069E22EB5E5500CB536E /* Base */ = {isa = PBXFileReference; lastKnownFileType = file.storyboard; name = Base; path = Base.lproj/Main.storyboard; sourceTree = "<group>"; };
		59BD06A022EB5E5800CB536E /* Assets.xcassets */ = {isa = PBXFileReference; lastKnownFileType = folder.assetcatalog; path = Assets.xcassets; sourceTree = "<group>"; };
		59BD06A322EB5E5800CB536E /* Base */ = {isa = PBXFileReference; lastKnownFileType = file.storyboard; name = Base; path = Base.lproj/LaunchScreen.storyboard; sourceTree = "<group>"; };
		59BD06A522EB5E5800CB536E /* Info.plist */ = {isa = PBXFileReference; lastKnownFileType = text.plist.xml; path = Info.plist; sourceTree = "<group>"; };
		59BD06AA22EB5E5900CB536E /* SignInAndRegistrationTests.xctest */ = {isa = PBXFileReference; explicitFileType = wrapper.cfbundle; includeInIndex = 0; path = SignInAndRegistrationTests.xctest; sourceTree = BUILT_PRODUCTS_DIR; };
		59BD06AE22EB5E5900CB536E /* SignInAndRegistrationTests.swift */ = {isa = PBXFileReference; lastKnownFileType = sourcecode.swift; path = SignInAndRegistrationTests.swift; sourceTree = "<group>"; };
		59BD06B022EB5E5900CB536E /* Info.plist */ = {isa = PBXFileReference; lastKnownFileType = text.plist.xml; path = Info.plist; sourceTree = "<group>"; };
		59BD06B522EB5E5900CB536E /* SignInAndRegistrationUITests.xctest */ = {isa = PBXFileReference; explicitFileType = wrapper.cfbundle; includeInIndex = 0; path = SignInAndRegistrationUITests.xctest; sourceTree = BUILT_PRODUCTS_DIR; };
		59BD06B922EB5E5900CB536E /* SignInAndRegistrationUITests.swift */ = {isa = PBXFileReference; lastKnownFileType = sourcecode.swift; path = SignInAndRegistrationUITests.swift; sourceTree = "<group>"; };
		59BD06BB22EB5E5900CB536E /* Info.plist */ = {isa = PBXFileReference; lastKnownFileType = text.plist.xml; path = Info.plist; sourceTree = "<group>"; };
/* End PBXFileReference section */

/* Begin PBXFrameworksBuildPhase section */
		59BD069322EB5E5500CB536E /* Frameworks */ = {
			isa = PBXFrameworksBuildPhase;
			buildActionMask = 2147483647;
			files = (
			);
			runOnlyForDeploymentPostprocessing = 0;
		};
		59BD06A722EB5E5900CB536E /* Frameworks */ = {
			isa = PBXFrameworksBuildPhase;
			buildActionMask = 2147483647;
			files = (
			);
			runOnlyForDeploymentPostprocessing = 0;
		};
		59BD06B222EB5E5900CB536E /* Frameworks */ = {
			isa = PBXFrameworksBuildPhase;
			buildActionMask = 2147483647;
			files = (
			);
			runOnlyForDeploymentPostprocessing = 0;
		};
/* End PBXFrameworksBuildPhase section */

/* Begin PBXGroup section */
		59BD068D22EB5E5500CB536E = {
			isa = PBXGroup;
			children = (
				59BD069822EB5E5500CB536E /* SignInAndRegistration */,
				59BD06AD22EB5E5900CB536E /* SignInAndRegistrationTests */,
				59BD06B822EB5E5900CB536E /* SignInAndRegistrationUITests */,
				59BD069722EB5E5500CB536E /* Products */,
			);
			sourceTree = "<group>";
		};
		59BD069722EB5E5500CB536E /* Products */ = {
			isa = PBXGroup;
			children = (
				59BD069622EB5E5500CB536E /* SignInAndRegistration.app */,
				59BD06AA22EB5E5900CB536E /* SignInAndRegistrationTests.xctest */,
				59BD06B522EB5E5900CB536E /* SignInAndRegistrationUITests.xctest */,
			);
			name = Products;
			sourceTree = "<group>";
		};
		59BD069822EB5E5500CB536E /* SignInAndRegistration */ = {
			isa = PBXGroup;
			children = (
				59BD069922EB5E5500CB536E /* AppDelegate.swift */,
				59BD069B22EB5E5500CB536E /* ViewController.swift */,
				59BD069D22EB5E5500CB536E /* Main.storyboard */,
				59BD06A022EB5E5800CB536E /* Assets.xcassets */,
				59BD06A222EB5E5800CB536E /* LaunchScreen.storyboard */,
				59BD06A522EB5E5800CB536E /* Info.plist */,
			);
			path = SignInAndRegistration;
			sourceTree = "<group>";
		};
		59BD06AD22EB5E5900CB536E /* SignInAndRegistrationTests */ = {
			isa = PBXGroup;
			children = (
				59BD06AE22EB5E5900CB536E /* SignInAndRegistrationTests.swift */,
				59BD06B022EB5E5900CB536E /* Info.plist */,
			);
			path = SignInAndRegistrationTests;
			sourceTree = "<group>";
		};
		59BD06B822EB5E5900CB536E /* SignInAndRegistrationUITests */ = {
			isa = PBXGroup;
			children = (
				59BD06B922EB5E5900CB536E /* SignInAndRegistrationUITests.swift */,
				59BD06BB22EB5E5900CB536E /* Info.plist */,
			);
			path = SignInAndRegistrationUITests;
			sourceTree = "<group>";
		};
/* End PBXGroup section */

/* Begin PBXNativeTarget section */
		59BD069522EB5E5500CB536E /* SignInAndRegistration */ = {
			isa = PBXNativeTarget;
			buildConfigurationList = 59BD06BE22EB5E5900CB536E /* Build configuration list for PBXNativeTarget "SignInAndRegistration" */;
			buildPhases = (
				59BD069222EB5E5500CB536E /* Sources */,
				59BD069322EB5E5500CB536E /* Frameworks */,
				59BD069422EB5E5500CB536E /* Resources */,
			);
			buildRules = (
			);
			dependencies = (
			);
			name = SignInAndRegistration;
			productName = SignInAndRegistration;
			productReference = 59BD069622EB5E5500CB536E /* SignInAndRegistration.app */;
			productType = "com.apple.product-type.application";
		};
		59BD06A922EB5E5900CB536E /* SignInAndRegistrationTests */ = {
			isa = PBXNativeTarget;
			buildConfigurationList = 59BD06C122EB5E5900CB536E /* Build configuration list for PBXNativeTarget "SignInAndRegistrationTests" */;
			buildPhases = (
				59BD06A622EB5E5900CB536E /* Sources */,
				59BD06A722EB5E5900CB536E /* Frameworks */,
				59BD06A822EB5E5900CB536E /* Resources */,
			);
			buildRules = (
			);
			dependencies = (
				59BD06AC22EB5E5900CB536E /* PBXTargetDependency */,
			);
			name = SignInAndRegistrationTests;
			productName = SignInAndRegistrationTests;
			productReference = 59BD06AA22EB5E5900CB536E /* SignInAndRegistrationTests.xctest */;
			productType = "com.apple.product-type.bundle.unit-test";
		};
		59BD06B422EB5E5900CB536E /* SignInAndRegistrationUITests */ = {
			isa = PBXNativeTarget;
			buildConfigurationList = 59BD06C422EB5E5900CB536E /* Build configuration list for PBXNativeTarget "SignInAndRegistrationUITests" */;
			buildPhases = (
				59BD06B122EB5E5900CB536E /* Sources */,
				59BD06B222EB5E5900CB536E /* Frameworks */,
				59BD06B322EB5E5900CB536E /* Resources */,
			);
			buildRules = (
			);
			dependencies = (
				59BD06B722EB5E5900CB536E /* PBXTargetDependency */,
			);
			name = SignInAndRegistrationUITests;
			productName = SignInAndRegistrationUITests;
			productReference = 59BD06B522EB5E5900CB536E /* SignInAndRegistrationUITests.xctest */;
			productType = "com.apple.product-type.bundle.ui-testing";
		};
/* End PBXNativeTarget section */

/* Begin PBXProject section */
		59BD068E22EB5E5500CB536E /* Project object */ = {
			isa = PBXProject;
			attributes = {
				LastSwiftUpdateCheck = 1020;
				LastUpgradeCheck = 1020;
				ORGANIZATIONNAME = "dhruvil team";
				TargetAttributes = {
					59BD069522EB5E5500CB536E = {
						CreatedOnToolsVersion = 10.2.1;
					};
					59BD06A922EB5E5900CB536E = {
						CreatedOnToolsVersion = 10.2.1;
						TestTargetID = 59BD069522EB5E5500CB536E;
					};
					59BD06B422EB5E5900CB536E = {
						CreatedOnToolsVersion = 10.2.1;
						TestTargetID = 59BD069522EB5E5500CB536E;
					};
				};
			};
			buildConfigurationList = 59BD069122EB5E5500CB536E /* Build configuration list for PBXProject "SignInAndRegistration" */;
			compatibilityVersion = "Xcode 9.3";
			developmentRegion = en;
			hasScannedForEncodings = 0;
			knownRegions = (
				en,
				Base,
			);
			mainGroup = 59BD068D22EB5E5500CB536E;
			productRefGroup = 59BD069722EB5E5500CB536E /* Products */;
			projectDirPath = "";
			projectRoot = "";
			targets = (
				59BD069522EB5E5500CB536E /* SignInAndRegistration */,
				59BD06A922EB5E5900CB536E /* SignInAndRegistrationTests */,
				59BD06B422EB5E5900CB536E /* SignInAndRegistrationUITests */,
			);
		};
/* End PBXProject section */

/* Begin PBXResourcesBuildPhase section */
		59BD069422EB5E5500CB536E /* Resources */ = {
			isa = PBXResourcesBuildPhase;
			buildActionMask = 2147483647;
			files = (
				59BD06A422EB5E5800CB536E /* LaunchScreen.storyboard in Resources */,
				59BD06A122EB5E5800CB536E /* Assets.xcassets in Resources */,
				59BD069F22EB5E5500CB536E /* Main.storyboard in Resources */,
			);
			runOnlyForDeploymentPostprocessing = 0;
		};
		59BD06A822EB5E5900CB536E /* Resources */ = {
			isa = PBXResourcesBuildPhase;
			buildActionMask = 2147483647;
			files = (
			);
			runOnlyForDeploymentPostprocessing = 0;
		};
		59BD06B322EB5E5900CB536E /* Resources */ = {
			isa = PBXResourcesBuildPhase;
			buildActionMask = 2147483647;
			files = (
			);
			runOnlyForDeploymentPostprocessing = 0;
		};
/* End PBXResourcesBuildPhase section */

/* Begin PBXSourcesBuildPhase section */
		59BD069222EB5E5500CB536E /* Sources */ = {
			isa = PBXSourcesBuildPhase;
			buildActionMask = 2147483647;
			files = (
				59BD069C22EB5E5500CB536E /* ViewController.swift in Sources */,
				59BD069A22EB5E5500CB536E /* AppDelegate.swift in Sources */,
			);
			runOnlyForDeploymentPostprocessing = 0;
		};
		59BD06A622EB5E5900CB536E /* Sources */ = {
			isa = PBXSourcesBuildPhase;
			buildActionMask = 2147483647;
			files = (
				59BD06AF22EB5E5900CB536E /* SignInAndRegistrationTests.swift in Sources */,
			);
			runOnlyForDeploymentPostprocessing = 0;
		};
		59BD06B122EB5E5900CB536E /* Sources */ = {
			isa = PBXSourcesBuildPhase;
			buildActionMask = 2147483647;
			files = (
				59BD06BA22EB5E5900CB536E /* SignInAndRegistrationUITests.swift in Sources */,
			);
			runOnlyForDeploymentPostprocessing = 0;
		};
/* End PBXSourcesBuildPhase section */

/* Begin PBXTargetDependency section */
		59BD06AC22EB5E5900CB536E /* PBXTargetDependency */ = {
			isa = PBXTargetDependency;
			target = 59BD069522EB5E5500CB536E /* SignInAndRegistration */;
			targetProxy = 59BD06AB22EB5E5900CB536E /* PBXContainerItemProxy */;
		};
		59BD06B722EB5E5900CB536E /* PBXTargetDependency */ = {
			isa = PBXTargetDependency;
			target = 59BD069522EB5E5500CB536E /* SignInAndRegistration */;
			targetProxy = 59BD06B622EB5E5900CB536E /* PBXContainerItemProxy */;
		};
/* End PBXTargetDependency section */

/* Begin PBXVariantGroup section */
		59BD069D22EB5E5500CB536E /* Main.storyboard */ = {
			isa = PBXVariantGroup;
			children = (
				59BD069E22EB5E5500CB536E /* Base */,
			);
			name = Main.storyboard;
			sourceTree = "<group>";
		};
		59BD06A222EB5E5800CB536E /* LaunchScreen.storyboard */ = {
			isa = PBXVariantGroup;
			children = (
				59BD06A322EB5E5800CB536E /* Base */,
			);
			name = LaunchScreen.storyboard;
			sourceTree = "<group>";
		};
/* End PBXVariantGroup section */

/* Begin XCBuildConfiguration section */
		59BD06BC22EB5E5900CB536E /* Debug */ = {
			isa = XCBuildConfiguration;
			buildSettings = {
				ALWAYS_SEARCH_USER_PATHS = NO;
				CLANG_ANALYZER_NONNULL = YES;
				CLANG_ANALYZER_NUMBER_OBJECT_CONVERSION = YES_AGGRESSIVE;
				CLANG_CXX_LANGUAGE_STANDARD = "gnu++14";
				CLANG_CXX_LIBRARY = "libc++";
				CLANG_ENABLE_MODULES = YES;
				CLANG_ENABLE_OBJC_ARC = YES;
				CLANG_ENABLE_OBJC_WEAK = YES;
				CLANG_WARN_BLOCK_CAPTURE_AUTORELEASING = YES;
				CLANG_WARN_BOOL_CONVERSION = YES;
				CLANG_WARN_COMMA = YES;
				CLANG_WARN_CONSTANT_CONVERSION = YES;
				CLANG_WARN_DEPRECATED_OBJC_IMPLEMENTATIONS = YES;
				CLANG_WARN_DIRECT_OBJC_ISA_USAGE = YES_ERROR;
				CLANG_WARN_DOCUMENTATION_COMMENTS = YES;
				CLANG_WARN_EMPTY_BODY = YES;
				CLANG_WARN_ENUM_CONVERSION = YES;
				CLANG_WARN_INFINITE_RECURSION = YES;
				CLANG_WARN_INT_CONVERSION = YES;
				CLANG_WARN_NON_LITERAL_NULL_CONVERSION = YES;
				CLANG_WARN_OBJC_IMPLICIT_RETAIN_SELF = YES;
				CLANG_WARN_OBJC_LITERAL_CONVERSION = YES;
				CLANG_WARN_OBJC_ROOT_CLASS = YES_ERROR;
				CLANG_WARN_RANGE_LOOP_ANALYSIS = YES;
				CLANG_WARN_STRICT_PROTOTYPES = YES;
				CLANG_WARN_SUSPICIOUS_MOVE = YES;
				CLANG_WARN_UNGUARDED_AVAILABILITY = YES_AGGRESSIVE;
				CLANG_WARN_UNREACHABLE_CODE = YES;
				CLANG_WARN__DUPLICATE_METHOD_MATCH = YES;
				CODE_SIGN_IDENTITY = "iPhone Developer";
				COPY_PHASE_STRIP = NO;
				DEBUG_INFORMATION_FORMAT = dwarf;
				ENABLE_STRICT_OBJC_MSGSEND = YES;
				ENABLE_TESTABILITY = YES;
				GCC_C_LANGUAGE_STANDARD = gnu11;
				GCC_DYNAMIC_NO_PIC = NO;
				GCC_NO_COMMON_BLOCKS = YES;
				GCC_OPTIMIZATION_LEVEL = 0;
				GCC_PREPROCESSOR_DEFINITIONS = (
					"DEBUG=1",
					"$(inherited)",
				);
				GCC_WARN_64_TO_32_BIT_CONVERSION = YES;
				GCC_WARN_ABOUT_RETURN_TYPE = YES_ERROR;
				GCC_WARN_UNDECLARED_SELECTOR = YES;
				GCC_WARN_UNINITIALIZED_AUTOS = YES_AGGRESSIVE;
				GCC_WARN_UNUSED_FUNCTION = YES;
				GCC_WARN_UNUSED_VARIABLE = YES;
				IPHONEOS_DEPLOYMENT_TARGET = 12.2;
				MTL_ENABLE_DEBUG_INFO = INCLUDE_SOURCE;
				MTL_FAST_MATH = YES;
				ONLY_ACTIVE_ARCH = YES;
				SDKROOT = iphoneos;
				SWIFT_ACTIVE_COMPILATION_CONDITIONS = DEBUG;
				SWIFT_OPTIMIZATION_LEVEL = "-Onone";
			};
			name = Debug;
		};
		59BD06BD22EB5E5900CB536E /* Release */ = {
			isa = XCBuildConfiguration;
			buildSettings = {
				ALWAYS_SEARCH_USER_PATHS = NO;
				CLANG_ANALYZER_NONNULL = YES;
				CLANG_ANALYZER_NUMBER_OBJECT_CONVERSION = YES_AGGRESSIVE;
				CLANG_CXX_LANGUAGE_STANDARD = "gnu++14";
				CLANG_CXX_LIBRARY = "libc++";
				CLANG_ENABLE_MODULES = YES;
				CLANG_ENABLE_OBJC_ARC = YES;
				CLANG_ENABLE_OBJC_WEAK = YES;
				CLANG_WARN_BLOCK_CAPTURE_AUTORELEASING = YES;
				CLANG_WARN_BOOL_CONVERSION = YES;
				CLANG_WARN_COMMA = YES;
				CLANG_WARN_CONSTANT_CONVERSION = YES;
				CLANG_WARN_DEPRECATED_OBJC_IMPLEMENTATIONS = YES;
				CLANG_WARN_DIRECT_OBJC_ISA_USAGE = YES_ERROR;
				CLANG_WARN_DOCUMENTATION_COMMENTS = YES;
				CLANG_WARN_EMPTY_BODY = YES;
				CLANG_WARN_ENUM_CONVERSION = YES;
				CLANG_WARN_INFINITE_RECURSION = YES;
				CLANG_WARN_INT_CONVERSION = YES;
				CLANG_WARN_NON_LITERAL_NULL_CONVERSION = YES;
				CLANG_WARN_OBJC_IMPLICIT_RETAIN_SELF = YES;
				CLANG_WARN_OBJC_LITERAL_CONVERSION = YES;
				CLANG_WARN_OBJC_ROOT_CLASS = YES_ERROR;
				CLANG_WARN_RANGE_LOOP_ANALYSIS = YES;
				CLANG_WARN_STRICT_PROTOTYPES = YES;
				CLANG_WARN_SUSPICIOUS_MOVE = YES;
				CLANG_WARN_UNGUARDED_AVAILABILITY = YES_AGGRESSIVE;
				CLANG_WARN_UNREACHABLE_CODE = YES;
				CLANG_WARN__DUPLICATE_METHOD_MATCH = YES;
				CODE_SIGN_IDENTITY = "iPhone Developer";
				COPY_PHASE_STRIP = NO;
				DEBUG_INFORMATION_FORMAT = "dwarf-with-dsym";
				ENABLE_NS_ASSERTIONS = NO;
				ENABLE_STRICT_OBJC_MSGSEND = YES;
				GCC_C_LANGUAGE_STANDARD = gnu11;
				GCC_NO_COMMON_BLOCKS = YES;
				GCC_WARN_64_TO_32_BIT_CONVERSION = YES;
				GCC_WARN_ABOUT_RETURN_TYPE = YES_ERROR;
				GCC_WARN_UNDECLARED_SELECTOR = YES;
				GCC_WARN_UNINITIALIZED_AUTOS = YES_AGGRESSIVE;
				GCC_WARN_UNUSED_FUNCTION = YES;
				GCC_WARN_UNUSED_VARIABLE = YES;
				IPHONEOS_DEPLOYMENT_TARGET = 12.2;
				MTL_ENABLE_DEBUG_INFO = NO;
				MTL_FAST_MATH = YES;
				SDKROOT = iphoneos;
				SWIFT_COMPILATION_MODE = wholemodule;
				SWIFT_OPTIMIZATION_LEVEL = "-O";
				VALIDATE_PRODUCT = YES;
			};
			name = Release;
		};
		59BD06BF22EB5E5900CB536E /* Debug */ = {
			isa = XCBuildConfiguration;
			buildSettings = {
				ASSETCATALOG_COMPILER_APPICON_NAME = AppIcon;
				CODE_SIGN_STYLE = Automatic;
				INFOPLIST_FILE = SignInAndRegistration/Info.plist;
				LD_RUNPATH_SEARCH_PATHS = (
					"$(inherited)",
					"@executable_path/Frameworks",
				);
				PRODUCT_BUNDLE_IDENTIFIER = com.dhruvil.team.SignInAndRegistration;
				PRODUCT_NAME = "$(TARGET_NAME)";
				SWIFT_VERSION = 5.0;
				TARGETED_DEVICE_FAMILY = "1,2";
			};
			name = Debug;
		};
		59BD06C022EB5E5900CB536E /* Release */ = {
			isa = XCBuildConfiguration;
			buildSettings = {
				ASSETCATALOG_COMPILER_APPICON_NAME = AppIcon;
				CODE_SIGN_STYLE = Automatic;
				INFOPLIST_FILE = SignInAndRegistration/Info.plist;
				LD_RUNPATH_SEARCH_PATHS = (
					"$(inherited)",
					"@executable_path/Frameworks",
				);
				PRODUCT_BUNDLE_IDENTIFIER = com.dhruvil.team.SignInAndRegistration;
				PRODUCT_NAME = "$(TARGET_NAME)";
				SWIFT_VERSION = 5.0;
				TARGETED_DEVICE_FAMILY = "1,2";
			};
			name = Release;
		};
		59BD06C222EB5E5900CB536E /* Debug */ = {
			isa = XCBuildConfiguration;
			buildSettings = {
				ALWAYS_EMBED_SWIFT_STANDARD_LIBRARIES = YES;
				BUNDLE_LOADER = "$(TEST_HOST)";
				CODE_SIGN_STYLE = Automatic;
				INFOPLIST_FILE = SignInAndRegistrationTests/Info.plist;
				LD_RUNPATH_SEARCH_PATHS = (
					"$(inherited)",
					"@executable_path/Frameworks",
					"@loader_path/Frameworks",
				);
				PRODUCT_BUNDLE_IDENTIFIER = com.dhruvil.team.SignInAndRegistrationTests;
				PRODUCT_NAME = "$(TARGET_NAME)";
				SWIFT_VERSION = 5.0;
				TARGETED_DEVICE_FAMILY = "1,2";
				TEST_HOST = "$(BUILT_PRODUCTS_DIR)/SignInAndRegistration.app/SignInAndRegistration";
			};
			name = Debug;
		};
		59BD06C322EB5E5900CB536E /* Release */ = {
			isa = XCBuildConfiguration;
			buildSettings = {
				ALWAYS_EMBED_SWIFT_STANDARD_LIBRARIES = YES;
				BUNDLE_LOADER = "$(TEST_HOST)";
				CODE_SIGN_STYLE = Automatic;
				INFOPLIST_FILE = SignInAndRegistrationTests/Info.plist;
				LD_RUNPATH_SEARCH_PATHS = (
					"$(inherited)",
					"@executable_path/Frameworks",
					"@loader_path/Frameworks",
				);
				PRODUCT_BUNDLE_IDENTIFIER = com.dhruvil.team.SignInAndRegistrationTests;
				PRODUCT_NAME = "$(TARGET_NAME)";
				SWIFT_VERSION = 5.0;
				TARGETED_DEVICE_FAMILY = "1,2";
				TEST_HOST = "$(BUILT_PRODUCTS_DIR)/SignInAndRegistration.app/SignInAndRegistration";
			};
			name = Release;
		};
		59BD06C522EB5E5900CB536E /* Debug */ = {
			isa = XCBuildConfiguration;
			buildSettings = {
				ALWAYS_EMBED_SWIFT_STANDARD_LIBRARIES = YES;
				CODE_SIGN_STYLE = Automatic;
				INFOPLIST_FILE = SignInAndRegistrationUITests/Info.plist;
				LD_RUNPATH_SEARCH_PATHS = (
					"$(inherited)",
					"@executable_path/Frameworks",
					"@loader_path/Frameworks",
				);
				PRODUCT_BUNDLE_IDENTIFIER = com.dhruvil.team.SignInAndRegistrationUITests;
				PRODUCT_NAME = "$(TARGET_NAME)";
				SWIFT_VERSION = 5.0;
				TARGETED_DEVICE_FAMILY = "1,2";
				TEST_TARGET_NAME = SignInAndRegistration;
			};
			name = Debug;
		};
		59BD06C622EB5E5900CB536E /* Release */ = {
			isa = XCBuildConfiguration;
			buildSettings = {
				ALWAYS_EMBED_SWIFT_STANDARD_LIBRARIES = YES;
				CODE_SIGN_STYLE = Automatic;
				INFOPLIST_FILE = SignInAndRegistrationUITests/Info.plist;
				LD_RUNPATH_SEARCH_PATHS = (
					"$(inherited)",
					"@executable_path/Frameworks",
					"@loader_path/Frameworks",
				);
				PRODUCT_BUNDLE_IDENTIFIER = com.dhruvil.team.SignInAndRegistrationUITests;
				PRODUCT_NAME = "$(TARGET_NAME)";
				SWIFT_VERSION = 5.0;
				TARGETED_DEVICE_FAMILY = "1,2";
				TEST_TARGET_NAME = SignInAndRegistration;
			};
			name = Release;
		};
/* End XCBuildConfiguration section */

/* Begin XCConfigurationList section */
		59BD069122EB5E5500CB536E /* Build configuration list for PBXProject "SignInAndRegistration" */ = {
			isa = XCConfigurationList;
			buildConfigurations = (
				59BD06BC22EB5E5900CB536E /* Debug */,
				59BD06BD22EB5E5900CB536E /* Release */,
			);
			defaultConfigurationIsVisible = 0;
			defaultConfigurationName = Release;
		};
		59BD06BE22EB5E5900CB536E /* Build configuration list for PBXNativeTarget "SignInAndRegistration" */ = {
			isa = XCConfigurationList;
			buildConfigurations = (
				59BD06BF22EB5E5900CB536E /* Debug */,
				59BD06C022EB5E5900CB536E /* Release */,
			);
			defaultConfigurationIsVisible = 0;
			defaultConfigurationName = Release;
		};
		59BD06C122EB5E5900CB536E /* Build configuration list for PBXNativeTarget "SignInAndRegistrationTests" */ = {
			isa = XCConfigurationList;
			buildConfigurations = (
				59BD06C222EB5E5900CB536E /* Debug */,
				59BD06C322EB5E5900CB536E /* Release */,
			);
			defaultConfigurationIsVisible = 0;
			defaultConfigurationName = Release;
		};
		59BD06C422EB5E5900CB536E /* Build configuration list for PBXNativeTarget "SignInAndRegistrationUITests" */ = {
			isa = XCConfigurationList;
			buildConfigurations = (
				59BD06C522EB5E5900CB536E /* Debug */,
				59BD06C622EB5E5900CB536E /* Release */,
			);
			defaultConfigurationIsVisible = 0;
			defaultConfigurationName = Release;
		};
/* End XCConfigurationList section */
	};
	rootObject = 59BD068E22EB5E5500CB536E /* Project object */;
}
